
Microsoft Visual Studio Solution File, Format Version 12.00
# Visual Studio Version 16
VisualStudioVersion = 16.0.31515.178
MinimumVisualStudioVersion = 10.0.40219.1
Project("{888888A0-9F3D-457C-B088-3A5042F75D52}") = "WK8LAB2-RECURSIVEFUNCTION", "WK8LAB2-RECURSIVEFUNCTION.pyproj", "{BF8C992C-F7EB-42AD-8C47-DE119857FFD0}"
EndProject
Global
	GlobalSection(SolutionConfigurationPlatforms) = preSolution
		Debug|Any CPU = Debug|Any CPU
		Release|Any CPU = Release|Any CPU
	EndGlobalSection
	GlobalSection(ProjectConfigurationPlatforms) = postSolution
		{BF8C992C-F7EB-42AD-8C47-DE119857FFD0}.Debug|Any CPU.ActiveCfg = Debug|Any CPU
		{BF8C992C-F7EB-42AD-8C47-DE119857FFD0}.Release|Any CPU.ActiveCfg = Release|Any CPU
	EndGlobalSection
	GlobalSection(SolutionProperties) = preSolution
		HideSolutionNode = FALSE
	EndGlobalSection
	GlobalSection(ExtensibilityGlobals) = postSolution
		SolutionGuid = {4EEBB5B5-F8C1-4C07-90DE-D45A1AB9514F}
	EndGlobalSection
EndGlobal
